// !$*UTF8*$!
{
	archiveVersion = 1;
	classes = {
	};
	objectVersion = 50;
	objects = {

/* Begin PBXBuildFile section */
		16C41F942532139E001BCF0E /* AppDelegate.swift in Sources */ = {isa = PBXBuildFile; fileRef = 16C41F932532139E001BCF0E /* AppDelegate.swift */; };
		16C41F962532139E001BCF0E /* SceneDelegate.swift in Sources */ = {isa = PBXBuildFile; fileRef = 16C41F952532139E001BCF0E /* SceneDelegate.swift */; };
		16C41F982532139E001BCF0E /* ContentView.swift in Sources */ = {isa = PBXBuildFile; fileRef = 16C41F972532139E001BCF0E /* ContentView.swift */; };
		16C41F9A2532139E001BCF0E /* Assets.xcassets in Resources */ = {isa = PBXBuildFile; fileRef = 16C41F992532139E001BCF0E /* Assets.xcassets */; };
		16C41F9D2532139E001BCF0E /* Preview Assets.xcassets in Resources */ = {isa = PBXBuildFile; fileRef = 16C41F9C2532139E001BCF0E /* Preview Assets.xcassets */; };
		16C41FA02532139E001BCF0E /* LaunchScreen.storyboard in Resources */ = {isa = PBXBuildFile; fileRef = 16C41F9E2532139E001BCF0E /* LaunchScreen.storyboard */; };
/* End PBXBuildFile section */

/* Begin PBXFileReference section */
		16C41F902532139E001BCF0E /* swiftui.GeometryEffect.app */ = {isa = PBXFileReference; explicitFileType = wrapper.application; includeInIndex = 0; path = swiftui.GeometryEffect.app; sourceTree = BUILT_PRODUCTS_DIR; };
		16C41F932532139E001BCF0E /* AppDelegate.swift */ = {isa = PBXFileReference; lastKnownFileType = sourcecode.swift; path = AppDelegate.swift; sourceTree = "<group>"; };
		16C41F952532139E001BCF0E /* SceneDelegate.swift */ = {isa = PBXFileReference; lastKnownFileType = sourcecode.swift; path = SceneDelegate.swift; sourceTree = "<group>"; };
		16C41F972532139E001BCF0E /* ContentView.swift */ = {isa = PBXFileReference; lastKnownFileType = sourcecode.swift; path = ContentView.swift; sourceTree = "<group>"; };
		16C41F992532139E001BCF0E /* Assets.xcassets */ = {isa = PBXFileReference; lastKnownFileType = folder.assetcatalog; path = Assets.xcassets; sourceTree = "<group>"; };
		16C41F9C2532139E001BCF0E /* Preview Assets.xcassets */ = {isa = PBXFileReference; lastKnownFileType = folder.assetcatalog; path = "Preview Assets.xcassets"; sourceTree = "<group>"; };
		16C41F9F2532139E001BCF0E /* Base */ = {isa = PBXFileReference; lastKnownFileType = file.storyboard; name = Base; path = Base.lproj/LaunchScreen.storyboard; sourceTree = "<group>"; };
		16C41FA12532139E001BCF0E /* Info.plist */ = {isa = PBXFileReference; lastKnownFileType = text.plist.xml; path = Info.plist; sourceTree = "<group>"; };
/* End PBXFileReference section */

/* Begin PBXFrameworksBuildPhase section */
		16C41F8D2532139E001BCF0E /* Frameworks */ = {
			isa = PBXFrameworksBuildPhase;
			buildActionMask = 2147483647;
			files = (
			);
			runOnlyForDeploymentPostprocessing = 0;
		};
/* End PBXFrameworksBuildPhase section */

/* Begin PBXGroup section */
		16C41F872532139D001BCF0E = {
			isa = PBXGroup;
			children = (
				16C41F922532139E001BCF0E /* swiftui.GeometryEffect */,
				16C41F912532139E001BCF0E /* Products */,
			);
			sourceTree = "<group>";
		};
		16C41F912532139E001BCF0E /* Products */ = {
			isa = PBXGroup;
			children = (
				16C41F902532139E001BCF0E /* swiftui.GeometryEffect.app */,
			);
			name = Products;
			sourceTree = "<group>";
		};
		16C41F922532139E001BCF0E /* swiftui.GeometryEffect */ = {
			isa = PBXGroup;
			children = (
				16C41F932532139E001BCF0E /* AppDelegate.swift */,
				16C41F952532139E001BCF0E /* SceneDelegate.swift */,
				16C41F972532139E001BCF0E /* ContentView.swift */,
				16C41F992532139E001BCF0E /* Assets.xcassets */,
				16C41F9E2532139E001BCF0E /* LaunchScreen.storyboard */,
				16C41FA12532139E001BCF0E /* Info.plist */,
				16C41F9B2532139E001BCF0E /* Preview Content */,
			);
			path = swiftui.GeometryEffect;
			sourceTree = "<group>";
		};
		16C41F9B2532139E001BCF0E /* Preview Content */ = {
			isa = PBXGroup;
			children = (
				16C41F9C2532139E001BCF0E /* Preview Assets.xcassets */,
			);
			path = "Preview Content";
			sourceTree = "<group>";
		};
/* End PBXGroup section */

/* Begin PBXNativeTarget section */
		16C41F8F2532139E001BCF0E /* swiftui.GeometryEffect */ = {
			isa = PBXNativeTarget;
			buildConfigurationList = 16C41FA42532139E001BCF0E /* Build configuration list for PBXNativeTarget "swiftui.GeometryEffect" */;
			buildPhases = (
				16C41F8C2532139E001BCF0E /* Sources */,
				16C41F8D2532139E001BCF0E /* Frameworks */,
				16C41F8E2532139E001BCF0E /* Resources */,
			);
			buildRules = (
			);
			dependencies = (
			);
			name = swiftui.GeometryEffect;
			productName = swiftui.GeometryEffect;
			productReference = 16C41F902532139E001BCF0E /* swiftui.GeometryEffect.app */;
			productType = "com.apple.product-type.application";
		};
/* End PBXNativeTarget section */

/* Begin PBXProject section */
		16C41F882532139D001BCF0E /* Project object */ = {
			isa = PBXProject;
			attributes = {
				LastSwiftUpdateCheck = 1200;
				LastUpgradeCheck = 1200;
				TargetAttributes = {
					16C41F8F2532139E001BCF0E = {
						CreatedOnToolsVersion = 12.0.1;
					};
				};
			};
			buildConfigurationList = 16C41F8B2532139D001BCF0E /* Build configuration list for PBXProject "swiftui.GeometryEffect" */;
			compatibilityVersion = "Xcode 9.3";
			developmentRegion = en;
			hasScannedForEncodings = 0;
			knownRegions = (
				en,
				Base,
			);
			mainGroup = 16C41F872532139D001BCF0E;
			productRefGroup = 16C41F912532139E001BCF0E /* Products */;
			projectDirPath = "";
			projectRoot = "";
			targets = (
				16C41F8F2532139E001BCF0E /* swiftui.GeometryEffect */,
			);
		};
/* End PBXProject section */

/* Begin PBXResourcesBuildPhase section */
		16C41F8E2532139E001BCF0E /* Resources */ = {
			isa = PBXResourcesBuildPhase;
			buildActionMask = 2147483647;
			files = (
				16C41FA02532139E001BCF0E /* LaunchScreen.storyboard in Resources */,
				16C41F9D2532139E001BCF0E /* Preview Assets.xcassets in Resources */,
				16C41F9A2532139E001BCF0E /* Assets.xcassets in Resources */,
			);
			runOnlyForDeploymentPostprocessing = 0;
		};
/* End PBXResourcesBuildPhase section */

/* Begin PBXSourcesBuildPhase section */
		16C41F8C2532139E001BCF0E /* Sources */ = {
			isa = PBXSourcesBuildPhase;
			buildActionMask = 2147483647;
			files = (
				16C41F942532139E001BCF0E /* AppDelegate.swift in Sources */,
				16C41F962532139E001BCF0E /* SceneDelegate.swift in Sources */,
				16C41F982532139E001BCF0E /* ContentView.swift in Sources */,
			);
			runOnlyForDeploymentPostprocessing = 0;
		};
/* End PBXSourcesBuildPhase section */

/* Begin PBXVariantGroup section */
		16C41F9E2532139E001BCF0E /* LaunchScreen.storyboard */ = {
			isa = PBXVariantGroup;
			children = (
				16C41F9F2532139E001BCF0E /* Base */,
			);
			name = LaunchScreen.storyboard;
			sourceTree = "<group>";
		};
/* End PBXVariantGroup section */

/* Begin XCBuildConfiguration section */
		16C41FA22532139E001BCF0E /* Debug */ = {
			isa = XCBuildConfiguration;
			buildSettings = {
				ALWAYS_SEARCH_USER_PATHS = NO;
				CLANG_ANALYZER_NONNULL = YES;
				CLANG_ANALYZER_NUMBER_OBJECT_CONVERSION = YES_AGGRESSIVE;
				CLANG_CXX_LANGUAGE_STANDARD = "gnu++14";
				CLANG_CXX_LIBRARY = "libc++";
				CLANG_ENABLE_MODULES = YES;
				CLANG_ENABLE_OBJC_ARC = YES;
				CLANG_ENABLE_OBJC_WEAK = YES;
				CLANG_WARN_BLOCK_CAPTURE_AUTORELEASING = YES;
				CLANG_WARN_BOOL_CONVERSION = YES;
				CLANG_WARN_COMMA = YES;
				CLANG_WARN_CONSTANT_CONVERSION = YES;
				CLANG_WARN_DEPRECATED_OBJC_IMPLEMENTATIONS = YES;
				CLANG_WARN_DIRECT_OBJC_ISA_USAGE = YES_ERROR;
				CLANG_WARN_DOCUMENTATION_COMMENTS = YES;
				CLANG_WARN_EMPTY_BODY = YES;
				CLANG_WARN_ENUM_CONVERSION = YES;
				CLANG_WARN_INFINITE_RECURSION = YES;
				CLANG_WARN_INT_CONVERSION = YES;
				CLANG_WARN_NON_LITERAL_NULL_CONVERSION = YES;
				CLANG_WARN_OBJC_IMPLICIT_RETAIN_SELF = YES;
				CLANG_WARN_OBJC_LITERAL_CONVERSION = YES;
				CLANG_WARN_OBJC_ROOT_CLASS = YES_ERROR;
				CLANG_WARN_QUOTED_INCLUDE_IN_FRAMEWORK_HEADER = YES;
				CLANG_WARN_RANGE_LOOP_ANALYSIS = YES;
				CLANG_WARN_STRICT_PROTOTYPES = YES;
				CLANG_WARN_SUSPICIOUS_MOVE = YES;
				CLANG_WARN_UNGUARDED_AVAILABILITY = YES_AGGRESSIVE;
				CLANG_WARN_UNREACHABLE_CODE = YES;
				CLANG_WARN__DUPLICATE_METHOD_MATCH = YES;
				COPY_PHASE_STRIP = NO;
				DEBUG_INFORMATION_FORMAT = dwarf;
				ENABLE_STRICT_OBJC_MSGSEND = YES;
				ENABLE_TESTABILITY = YES;
				GCC_C_LANGUAGE_STANDARD = gnu11;
				GCC_DYNAMIC_NO_PIC = NO;
				GCC_NO_COMMON_BLOCKS = YES;
				GCC_OPTIMIZATION_LEVEL = 0;
				GCC_PREPROCESSOR_DEFINITIONS = (
					"DEBUG=1",
					"$(inherited)",
				);
				GCC_WARN_64_TO_32_BIT_CONVERSION = YES;
				GCC_WARN_ABOUT_RETURN_TYPE = YES_ERROR;
				GCC_WARN_UNDECLARED_SELECTOR = YES;
				GCC_WARN_UNINITIALIZED_AUTOS = YES_AGGRESSIVE;
				GCC_WARN_UNUSED_FUNCTION = YES;
				GCC_WARN_UNUSED_VARIABLE = YES;
				IPHONEOS_DEPLOYMENT_TARGET = 14.0;
				MTL_ENABLE_DEBUG_INFO = INCLUDE_SOURCE;
				MTL_FAST_MATH = YES;
				ONLY_ACTIVE_ARCH = YES;
				SDKROOT = iphoneos;
				SWIFT_ACTIVE_COMPILATION_CONDITIONS = DEBUG;
				SWIFT_OPTIMIZATION_LEVEL = "-Onone";
			};
			name = Debug;
		};
		16C41FA32532139E001BCF0E /* Release */ = {
			isa = XCBuildConfiguration;
			buildSettings = {
				ALWAYS_SEARCH_USER_PATHS = NO;
				CLANG_ANALYZER_NONNULL = YES;
				CLANG_ANALYZER_NUMBER_OBJECT_CONVERSION = YES_AGGRESSIVE;
				CLANG_CXX_LANGUAGE_STANDARD = "gnu++14";
				CLANG_CXX_LIBRARY = "libc++";
				CLANG_ENABLE_MODULES = YES;
				CLANG_ENABLE_OBJC_ARC = YES;
				CLANG_ENABLE_OBJC_WEAK = YES;
				CLANG_WARN_BLOCK_CAPTURE_AUTORELEASING = YES;
				CLANG_WARN_BOOL_CONVERSION = YES;
				CLANG_WARN_COMMA = YES;
				CLANG_WARN_CONSTANT_CONVERSION = YES;
				CLANG_WARN_DEPRECATED_OBJC_IMPLEMENTATIONS = YES;
				CLANG_WARN_DIRECT_OBJC_ISA_USAGE = YES_ERROR;
				CLANG_WARN_DOCUMENTATION_COMMENTS = YES;
				CLANG_WARN_EMPTY_BODY = YES;
				CLANG_WARN_ENUM_CONVERSION = YES;
				CLANG_WARN_INFINITE_RECURSION = YES;
				CLANG_WARN_INT_CONVERSION = YES;
				CLANG_WARN_NON_LITERAL_NULL_CONVERSION = YES;
				CLANG_WARN_OBJC_IMPLICIT_RETAIN_SELF = YES;
				CLANG_WARN_OBJC_LITERAL_CONVERSION = YES;
				CLANG_WARN_OBJC_ROOT_CLASS = YES_ERROR;
				CLANG_WARN_QUOTED_INCLUDE_IN_FRAMEWORK_HEADER = YES;
				CLANG_WARN_RANGE_LOOP_ANALYSIS = YES;
				CLANG_WARN_STRICT_PROTOTYPES = YES;
				CLANG_WARN_SUSPICIOUS_MOVE = YES;
				CLANG_WARN_UNGUARDED_AVAILABILITY = YES_AGGRESSIVE;
				CLANG_WARN_UNREACHABLE_CODE = YES;
				CLANG_WARN__DUPLICATE_METHOD_MATCH = YES;
				COPY_PHASE_STRIP = NO;
				DEBUG_INFORMATION_FORMAT = "dwarf-with-dsym";
				ENABLE_NS_ASSERTIONS = NO;
				ENABLE_STRICT_OBJC_MSGSEND = YES;
				GCC_C_LANGUAGE_STANDARD = gnu11;
				GCC_NO_COMMON_BLOCKS = YES;
				GCC_WARN_64_TO_32_BIT_CONVERSION = YES;
				GCC_WARN_ABOUT_RETURN_TYPE = YES_ERROR;
				GCC_WARN_UNDECLARED_SELECTOR = YES;
				GCC_WARN_UNINITIALIZED_AUTOS = YES_AGGRESSIVE;
				GCC_WARN_UNUSED_FUNCTION = YES;
				GCC_WARN_UNUSED_VARIABLE = YES;
				IPHONEOS_DEPLOYMENT_TARGET = 14.0;
				MTL_ENABLE_DEBUG_INFO = NO;
				MTL_FAST_MATH = YES;
				SDKROOT = iphoneos;
				SWIFT_COMPILATION_MODE = wholemodule;
				SWIFT_OPTIMIZATION_LEVEL = "-O";
				VALIDATE_PRODUCT = YES;
			};
			name = Release;
		};
		16C41FA52532139E001BCF0E /* Debug */ = {
			isa = XCBuildConfiguration;
			buildSettings = {
				ASSETCATALOG_COMPILER_APPICON_NAME = AppIcon;
				ASSETCATALOG_COMPILER_GLOBAL_ACCENT_COLOR_NAME = AccentColor;
				CODE_SIGN_STYLE = Automatic;
				DEVELOPMENT_ASSET_PATHS = "\"swiftui.GeometryEffect/Preview Content\"";
				DEVELOPMENT_TEAM = 78S4SSQ86F;
				ENABLE_PREVIEWS = YES;
				INFOPLIST_FILE = swiftui.GeometryEffect/Info.plist;
				LD_RUNPATH_SEARCH_PATHS = (
					"$(inherited)",
					"@executable_path/Frameworks",
				);
				PRODUCT_BUNDLE_IDENTIFIER = "com.garneteum.swiftui-GeometryEffect";
				PRODUCT_NAME = "$(TARGET_NAME)";
				SWIFT_VERSION = 5.0;
				TARGETED_DEVICE_FAMILY = "1,2";
			};
			name = Debug;
		};
		16C41FA62532139E001BCF0E /* Release */ = {
			isa = XCBuildConfiguration;
			buildSettings = {
				ASSETCATALOG_COMPILER_APPICON_NAME = AppIcon;
				ASSETCATALOG_COMPILER_GLOBAL_ACCENT_COLOR_NAME = AccentColor;
				CODE_SIGN_STYLE = Automatic;
				DEVELOPMENT_ASSET_PATHS = "\"swiftui.GeometryEffect/Preview Content\"";
				DEVELOPMENT_TEAM = 78S4SSQ86F;
				ENABLE_PREVIEWS = YES;
				INFOPLIST_FILE = swiftui.GeometryEffect/Info.plist;
				LD_RUNPATH_SEARCH_PATHS = (
					"$(inherited)",
					"@executable_path/Frameworks",
				);
				PRODUCT_BUNDLE_IDENTIFIER = "com.garneteum.swiftui-GeometryEffect";
				PRODUCT_NAME = "$(TARGET_NAME)";
				SWIFT_VERSION = 5.0;
				TARGETED_DEVICE_FAMILY = "1,2";
			};
			name = Release;
		};
/* End XCBuildConfiguration section */

/* Begin XCConfigurationList section */
		16C41F8B2532139D001BCF0E /* Build configuration list for PBXProject "swiftui.GeometryEffect" */ = {
			isa = XCConfigurationList;
			buildConfigurations = (
				16C41FA22532139E001BCF0E /* Debug */,
				16C41FA32532139E001BCF0E /* Release */,
			);
			defaultConfigurationIsVisible = 0;
			defaultConfigurationName = Release;
		};
		16C41FA42532139E001BCF0E /* Build configuration list for PBXNativeTarget "swiftui.GeometryEffect" */ = {
			isa = XCConfigurationList;
			buildConfigurations = (
				16C41FA52532139E001BCF0E /* Debug */,
				16C41FA62532139E001BCF0E /* Release */,
			);
			defaultConfigurationIsVisible = 0;
			defaultConfigurationName = Release;
		};
/* End XCConfigurationList section */
	};
	rootObject = 16C41F882532139D001BCF0E /* Project object */;
}
